
Microsoft Visual Studio Solution File, Format Version 12.00
# Visual Studio Version 16
VisualStudioVersion = 16.0.30114.105
MinimumVisualStudioVersion = 10.0.40219.1
Project("{2150E333-8FDC-42A3-9474-1A3956D46DE8}") = "src", "src", "{5435BC1A-756E-452E-88F8-FA6E23865998}"
EndProject
Project("{FAE04EC0-301F-11D3-BF4B-00C04F79EFBC}") = "ParkIt.Core", "src\ParkIt.Core\ParkIt.Core.csproj", "{77470C81-201B-4BC9-8FB2-6946141781AE}"
EndProject
Project("{FAE04EC0-301F-11D3-BF4B-00C04F79EFBC}") = "ParkIt.Application", "src\ParkIt.Application\ParkIt.Application.csproj", "{5990CE07-4F90-4F81-8C47-18BB8AEE6D26}"
EndProject
Project("{FAE04EC0-301F-11D3-BF4B-00C04F79EFBC}") = "ParkIt.Infrastructure", "src\ParkIt.Infrastructure\ParkIt.Infrastructure.csproj", "{50598329-F722-4808-A89F-215397A59E0C}"
EndProject
Project("{FAE04EC0-301F-11D3-BF4B-00C04F79EFBC}") = "ParkIt.Api", "src\ParkIt.Api\ParkIt.Api.csproj", "{A1662CFB-0BBE-4439-A335-A9B0DC6D8217}"
EndProject
Project("{2150E333-8FDC-42A3-9474-1A3956D46DE8}") = "test", "test", "{42940429-2606-46E6-AB3C-E691905E9882}"
EndProject
Project("{FAE04EC0-301F-11D3-BF4B-00C04F79EFBC}") = "ParkIt.Test.Unit", "test\ParkIt.Test.Unit\ParkIt.Test.Unit.csproj", "{D17E22AA-A9B6-4C2B-83A2-45C8C2664ED2}"
EndProject
Project("{FAE04EC0-301F-11D3-BF4B-00C04F79EFBC}") = "ParkIt.Test.Integration", "test\ParkIt.Test.Integration\ParkIt.Test.Integration.csproj", "{D6D566AD-27DB-4F99-BE67-956D1DE4BC9C}"
EndProject
Project("{FAE04EC0-301F-11D3-BF4B-00C04F79EFBC}") = "ParkIt.Contracts", "src\ParkIt.Contracts\ParkIt.Contracts.csproj", "{D122C16B-F121-4578-9C17-4295102A5222}"
EndProject
Project("{FAE04EC0-301F-11D3-BF4B-00C04F79EFBC}") = "ParkIt.UI", "src\ParkIt.UI\ParkIt.UI.csproj", "{93BDF7EE-F0C5-4F38-873F-2FF851A9360E}"
EndProject
Global
	GlobalSection(SolutionConfigurationPlatforms) = preSolution
		Debug|Any CPU = Debug|Any CPU
		Release|Any CPU = Release|Any CPU
	EndGlobalSection
	GlobalSection(SolutionProperties) = preSolution
		HideSolutionNode = FALSE
	EndGlobalSection
	GlobalSection(ProjectConfigurationPlatforms) = postSolution
		{77470C81-201B-4BC9-8FB2-6946141781AE}.Debug|Any CPU.ActiveCfg = Debug|Any CPU
		{77470C81-201B-4BC9-8FB2-6946141781AE}.Debug|Any CPU.Build.0 = Debug|Any CPU
		{77470C81-201B-4BC9-8FB2-6946141781AE}.Release|Any CPU.ActiveCfg = Release|Any CPU
		{77470C81-201B-4BC9-8FB2-6946141781AE}.Release|Any CPU.Build.0 = Release|Any CPU
		{5990CE07-4F90-4F81-8C47-18BB8AEE6D26}.Debug|Any CPU.ActiveCfg = Debug|Any CPU
		{5990CE07-4F90-4F81-8C47-18BB8AEE6D26}.Debug|Any CPU.Build.0 = Debug|Any CPU
		{5990CE07-4F90-4F81-8C47-18BB8AEE6D26}.Release|Any CPU.ActiveCfg = Release|Any CPU
		{5990CE07-4F90-4F81-8C47-18BB8AEE6D26}.Release|Any CPU.Build.0 = Release|Any CPU
		{50598329-F722-4808-A89F-215397A59E0C}.Debug|Any CPU.ActiveCfg = Debug|Any CPU
		{50598329-F722-4808-A89F-215397A59E0C}.Debug|Any CPU.Build.0 = Debug|Any CPU
		{50598329-F722-4808-A89F-215397A59E0C}.Release|Any CPU.ActiveCfg = Release|Any CPU
		{50598329-F722-4808-A89F-215397A59E0C}.Release|Any CPU.Build.0 = Release|Any CPU
		{A1662CFB-0BBE-4439-A335-A9B0DC6D8217}.Debug|Any CPU.ActiveCfg = Debug|Any CPU
		{A1662CFB-0BBE-4439-A335-A9B0DC6D8217}.Debug|Any CPU.Build.0 = Debug|Any CPU
		{A1662CFB-0BBE-4439-A335-A9B0DC6D8217}.Release|Any CPU.ActiveCfg = Release|Any CPU
		{A1662CFB-0BBE-4439-A335-A9B0DC6D8217}.Release|Any CPU.Build.0 = Release|Any CPU
		{D17E22AA-A9B6-4C2B-83A2-45C8C2664ED2}.Debug|Any CPU.ActiveCfg = Debug|Any CPU
		{D17E22AA-A9B6-4C2B-83A2-45C8C2664ED2}.Debug|Any CPU.Build.0 = Debug|Any CPU
		{D17E22AA-A9B6-4C2B-83A2-45C8C2664ED2}.Release|Any CPU.ActiveCfg = Release|Any CPU
		{D17E22AA-A9B6-4C2B-83A2-45C8C2664ED2}.Release|Any CPU.Build.0 = Release|Any CPU
		{D6D566AD-27DB-4F99-BE67-956D1DE4BC9C}.Debug|Any CPU.ActiveCfg = Debug|Any CPU
		{D6D566AD-27DB-4F99-BE67-956D1DE4BC9C}.Debug|Any CPU.Build.0 = Debug|Any CPU
		{D6D566AD-27DB-4F99-BE67-956D1DE4BC9C}.Release|Any CPU.ActiveCfg = Release|Any CPU
		{D6D566AD-27DB-4F99-BE67-956D1DE4BC9C}.Release|Any CPU.Build.0 = Release|Any CPU
		{D122C16B-F121-4578-9C17-4295102A5222}.Debug|Any CPU.ActiveCfg = Debug|Any CPU
		{D122C16B-F121-4578-9C17-4295102A5222}.Debug|Any CPU.Build.0 = Debug|Any CPU
		{D122C16B-F121-4578-9C17-4295102A5222}.Release|Any CPU.ActiveCfg = Release|Any CPU
		{D122C16B-F121-4578-9C17-4295102A5222}.Release|Any CPU.Build.0 = Release|Any CPU
		{93BDF7EE-F0C5-4F38-873F-2FF851A9360E}.Debug|Any CPU.ActiveCfg = Debug|Any CPU
		{93BDF7EE-F0C5-4F38-873F-2FF851A9360E}.Debug|Any CPU.Build.0 = Debug|Any CPU
		{93BDF7EE-F0C5-4F38-873F-2FF851A9360E}.Release|Any CPU.ActiveCfg = Release|Any CPU
		{93BDF7EE-F0C5-4F38-873F-2FF851A9360E}.Release|Any CPU.Build.0 = Release|Any CPU
	EndGlobalSection
	GlobalSection(NestedProjects) = preSolution
		{77470C81-201B-4BC9-8FB2-6946141781AE} = {5435BC1A-756E-452E-88F8-FA6E23865998}
		{5990CE07-4F90-4F81-8C47-18BB8AEE6D26} = {5435BC1A-756E-452E-88F8-FA6E23865998}
		{50598329-F722-4808-A89F-215397A59E0C} = {5435BC1A-756E-452E-88F8-FA6E23865998}
		{A1662CFB-0BBE-4439-A335-A9B0DC6D8217} = {5435BC1A-756E-452E-88F8-FA6E23865998}
		{D17E22AA-A9B6-4C2B-83A2-45C8C2664ED2} = {42940429-2606-46E6-AB3C-E691905E9882}
		{D6D566AD-27DB-4F99-BE67-956D1DE4BC9C} = {42940429-2606-46E6-AB3C-E691905E9882}
		{D122C16B-F121-4578-9C17-4295102A5222} = {5435BC1A-756E-452E-88F8-FA6E23865998}
		{93BDF7EE-F0C5-4F38-873F-2FF851A9360E} = {5435BC1A-756E-452E-88F8-FA6E23865998}
	EndGlobalSection
EndGlobal
